Microsoft Visual Studio Solution File, Format Version 12.00
# Visual Studio 14
VisualStudioVersion = 14.0.24720.0
MinimumVisualStudioVersion = 10.0.40219.1
Project("{FAE04EC0-301F-11D3-BF4B-00C04F79EFBC}") = "Mono.WebServer", "Mono.WebServer\Mono.WebServer.csproj", "{5339C36C-A524-44CE-93BD-59A79F57B346}"
EndProject
Project("{FAE04EC0-301F-11D3-BF4B-00C04F79EFBC}") = "Mono.WebServer.XSP", "Mono.WebServer.XSP\Mono.WebServer.XSP.csproj", "{0EACA9B4-922A-45AA-A59B-EEBAC752E9E0}"
EndProject
Project("{FAE04EC0-301F-11D3-BF4B-00C04F79EFBC}") = "System.Web", "System.Web\System.Web.csproj", "{9DB806CB-B828-49B7-BAE2-2E52402CB4DC}"
EndProject
Project("{FAE04EC0-301F-11D3-BF4B-00C04F79EFBC}") = "System.Configuration", "System.Configuration\System.Configuration.csproj", "{D5CDC09C-F19A-4811-A6C8-70F51CBFB644}"
EndProject
Global
	GlobalSection(SolutionConfigurationPlatforms) = preSolution
		Debug|Any CPU = Debug|Any CPU
		Release|Any CPU = Release|Any CPU
		Debug-3.5|Any CPU = Debug-3.5|Any CPU
		Release-3.5|Any CPU = Release-3.5|Any CPU
	EndGlobalSection
	GlobalSection(ProjectConfigurationPlatforms) = postSolution
		{5339C36C-A524-44CE-93BD-59A79F57B346}.Debug|Any CPU.ActiveCfg = Debug|Any CPU
		{5339C36C-A524-44CE-93BD-59A79F57B346}.Debug|Any CPU.Build.0 = Debug|Any CPU
		{5339C36C-A524-44CE-93BD-59A79F57B346}.Release|Any CPU.ActiveCfg = Release|Any CPU
		{5339C36C-A524-44CE-93BD-59A79F57B346}.Release|Any CPU.Build.0 = Release|Any CPU
		{5339C36C-A524-44CE-93BD-59A79F57B346}.Debug-3.5|Any CPU.ActiveCfg = Debug-3.5|Any CPU
		{5339C36C-A524-44CE-93BD-59A79F57B346}.Debug-3.5|Any CPU.Build.0 = Debug-3.5|Any CPU
		{5339C36C-A524-44CE-93BD-59A79F57B346}.Release-3.5|Any CPU.ActiveCfg = Release-3.5|Any CPU
		{5339C36C-A524-44CE-93BD-59A79F57B346}.Release-3.5|Any CPU.Build.0 = Release-3.5|Any CPU
		{0EACA9B4-922A-45AA-A59B-EEBAC752E9E0}.Debug|Any CPU.ActiveCfg = Debug|Any CPU
		{0EACA9B4-922A-45AA-A59B-EEBAC752E9E0}.Debug|Any CPU.Build.0 = Debug|Any CPU
		{0EACA9B4-922A-45AA-A59B-EEBAC752E9E0}.Release|Any CPU.ActiveCfg = Release|Any CPU
		{0EACA9B4-922A-45AA-A59B-EEBAC752E9E0}.Release|Any CPU.Build.0 = Release|Any CPU
		{0EACA9B4-922A-45AA-A59B-EEBAC752E9E0}.Debug-3.5|Any CPU.ActiveCfg = Debug-3.5|Any CPU
		{0EACA9B4-922A-45AA-A59B-EEBAC752E9E0}.Debug-3.5|Any CPU.Build.0 = Debug-3.5|Any CPU
		{0EACA9B4-922A-45AA-A59B-EEBAC752E9E0}.Release-3.5|Any CPU.ActiveCfg = Release-3.5|Any CPU
		{0EACA9B4-922A-45AA-A59B-EEBAC752E9E0}.Release-3.5|Any CPU.Build.0 = Release-3.5|Any CPU
		{9DB806CB-B828-49B7-BAE2-2E52402CB4DC}.Debug|Any CPU.ActiveCfg = Debug|Any CPU
		{9DB806CB-B828-49B7-BAE2-2E52402CB4DC}.Debug|Any CPU.Build.0 = Debug|Any CPU
		{9DB806CB-B828-49B7-BAE2-2E52402CB4DC}.Release|Any CPU.ActiveCfg = Release|Any CPU
		{9DB806CB-B828-49B7-BAE2-2E52402CB4DC}.Release|Any CPU.Build.0 = Release|Any CPU
		{9DB806CB-B828-49B7-BAE2-2E52402CB4DC}.Debug-3.5|Any CPU.ActiveCfg = Debug|Any CPU
		{9DB806CB-B828-49B7-BAE2-2E52402CB4DC}.Debug-3.5|Any CPU.Build.0 = Debug|Any CPU
		{9DB806CB-B828-49B7-BAE2-2E52402CB4DC}.Release-3.5|Any CPU.ActiveCfg = Debug|Any CPU
		{9DB806CB-B828-49B7-BAE2-2E52402CB4DC}.Release-3.5|Any CPU.Build.0 = Debug|Any CPU
		{D5CDC09C-F19A-4811-A6C8-70F51CBFB644}.Debug|Any CPU.ActiveCfg = Debug|Any CPU
		{D5CDC09C-F19A-4811-A6C8-70F51CBFB644}.Debug|Any CPU.Build.0 = Debug|Any CPU
		{D5CDC09C-F19A-4811-A6C8-70F51CBFB644}.Release|Any CPU.ActiveCfg = Release|Any CPU
		{D5CDC09C-F19A-4811-A6C8-70F51CBFB644}.Release|Any CPU.Build.0 = Release|Any CPU
		{D5CDC09C-F19A-4811-A6C8-70F51CBFB644}.Debug-3.5|Any CPU.ActiveCfg = Debug|Any CPU
		{D5CDC09C-F19A-4811-A6C8-70F51CBFB644}.Debug-3.5|Any CPU.Build.0 = Debug|Any CPU
		{D5CDC09C-F19A-4811-A6C8-70F51CBFB644}.Release-3.5|Any CPU.ActiveCfg = Debug|Any CPU
		{D5CDC09C-F19A-4811-A6C8-70F51CBFB644}.Release-3.5|Any CPU.Build.0 = Debug|Any CPU
	EndGlobalSection
EndGlobal
